
Microsoft Visual Studio Solution File, Format Version 12.00
# Visual Studio Version 16
VisualStudioVersion = 16.0.30413.136
MinimumVisualStudioVersion = 10.0.40219.1
Project("{FAE04EC0-301F-11D3-BF4B-00C04F79EFBC}") = "Generics_JoakimMalmstrom", "Generics_JoakimMalmstrom\Generics_JoakimMalmstrom.csproj", "{FD9E0D1D-A1FA-4278-BE1C-DE163BC7463A}"
EndProject
Global
	GlobalSection(SolutionConfigurationPlatforms) = preSolution
		Debug|Any CPU = Debug|Any CPU
		Release|Any CPU = Release|Any CPU
	EndGlobalSection
	GlobalSection(ProjectConfigurationPlatforms) = postSolution
		{FD9E0D1D-A1FA-4278-BE1C-DE163BC7463A}.Debug|Any CPU.ActiveCfg = Debug|Any CPU
		{FD9E0D1D-A1FA-4278-BE1C-DE163BC7463A}.Debug|Any CPU.Build.0 = Debug|Any CPU
		{FD9E0D1D-A1FA-4278-BE1C-DE163BC7463A}.Release|Any CPU.ActiveCfg = Release|Any CPU
		{FD9E0D1D-A1FA-4278-BE1C-DE163BC7463A}.Release|Any CPU.Build.0 = Release|Any CPU
	EndGlobalSection
	GlobalSection(SolutionProperties) = preSolution
		HideSolutionNode = FALSE
	EndGlobalSection
	GlobalSection(ExtensibilityGlobals) = postSolution
		SolutionGuid = {1422A4AF-4C4B-4BCA-8337-DCEE9A6D947C}
	EndGlobalSection
EndGlobal
